{
  "name": "miniprogram-5",
  "version": "1.0.0",
  "lockfileVersion": 1,
  "requires": true,
  "dependencies": {
    "@vant/weapp": {
      "version": "1.6.4",
      "resolved": "https://registry.npm.taobao.org/@vant/weapp/download/@vant/weapp-1.6.4.tgz",
      "integrity": "sha1-lKobbeJjIipNQq9rAGZTE/z3aiw="
    },
    "macy": {
      "version": "2.5.1",
      "resolved": "https://registry.npm.taobao.org/macy/download/macy-2.5.1.tgz",
      "integrity": "sha1-Dc1GQ5RICVhczI9f8H+4cF2Y19s="
    }
  }
}
