{
  "name": "miniprogram-5",
  "version": "1.0.0",
  "lockfileVersion": 1,
  "requires": true,
  "dependencies": {
    "@vant/weapp": {
      "version": "1.6.4",
      "resolved": "https://registry.npm.taobao.org/@vant/weapp/download/@vant/weapp-1.6.4.tgz",
      "integrity": "sha1-lKobbeJjIipNQq9rAGZTE/z3aiw="
    },
    "lin-ui": {
      "version": "0.9.2",
      "resolved": "https://registry.npm.taobao.org/lin-ui/download/lin-ui-0.9.2.tgz",
      "integrity": "sha1-jB/F5tX46hXCVfOViWCNQ5cOjnE="
    }
  }
}
